// !$*UTF8*$!
{
	archiveVersion = 1;
	classes = {
	};
	objectVersion = 50;
	objects = {

/* Begin PBXBuildFile section */
		824293F321AB2DAA00DA1FA5 /* AppDelegate.swift in Sources */ = {isa = PBXBuildFile; fileRef = 824293F221AB2DAA00DA1FA5 /* AppDelegate.swift */; };
		824293F521AB2DAB00DA1FA5 /* ViewController.swift in Sources */ = {isa = PBXBuildFile; fileRef = 824293F421AB2DAB00DA1FA5 /* ViewController.swift */; };
		824293F821AB2DAB00DA1FA5 /* Main.storyboard in Resources */ = {isa = PBXBuildFile; fileRef = 824293F621AB2DAB00DA1FA5 /* Main.storyboard */; };
		824293FA21AB2DAC00DA1FA5 /* Assets.xcassets in Resources */ = {isa = PBXBuildFile; fileRef = 824293F921AB2DAC00DA1FA5 /* Assets.xcassets */; };
		824293FD21AB2DAC00DA1FA5 /* LaunchScreen.storyboard in Resources */ = {isa = PBXBuildFile; fileRef = 824293FB21AB2DAC00DA1FA5 /* LaunchScreen.storyboard */; };
		8245E69621ABFF3300178D7A /* JetonRouge.swift in Sources */ = {isa = PBXBuildFile; fileRef = 8245E69521ABFF3300178D7A /* JetonRouge.swift */; };
		826F845321AD4FB70090574E /* JetonJaune.swift in Sources */ = {isa = PBXBuildFile; fileRef = 826F845221AD4FB70090574E /* JetonJaune.swift */; };
		82AF21B021AD894700F7EE15 /* Mecanisme.swift in Sources */ = {isa = PBXBuildFile; fileRef = 82AF21AF21AD894700F7EE15 /* Mecanisme.swift */; };
		82AF21B221AD895800F7EE15 /* BrainIA.swift in Sources */ = {isa = PBXBuildFile; fileRef = 82AF21B121AD895800F7EE15 /* BrainIA.swift */; };
/* End PBXBuildFile section */

/* Begin PBXFileReference section */
		824293EF21AB2DAA00DA1FA5 /* Puissance4.app */ = {isa = PBXFileReference; explicitFileType = wrapper.application; includeInIndex = 0; path = Puissance4.app; sourceTree = BUILT_PRODUCTS_DIR; };
		824293F221AB2DAA00DA1FA5 /* AppDelegate.swift */ = {isa = PBXFileReference; lastKnownFileType = sourcecode.swift; path = AppDelegate.swift; sourceTree = "<group>"; };
		824293F421AB2DAB00DA1FA5 /* ViewController.swift */ = {isa = PBXFileReference; lastKnownFileType = sourcecode.swift; path = ViewController.swift; sourceTree = "<group>"; };
		824293F721AB2DAB00DA1FA5 /* Base */ = {isa = PBXFileReference; lastKnownFileType = file.storyboard; name = Base; path = Base.lproj/Main.storyboard; sourceTree = "<group>"; };
		824293F921AB2DAC00DA1FA5 /* Assets.xcassets */ = {isa = PBXFileReference; lastKnownFileType = folder.assetcatalog; path = Assets.xcassets; sourceTree = "<group>"; };
		824293FC21AB2DAC00DA1FA5 /* Base */ = {isa = PBXFileReference; lastKnownFileType = file.storyboard; name = Base; path = Base.lproj/LaunchScreen.storyboard; sourceTree = "<group>"; };
		824293FE21AB2DAC00DA1FA5 /* Info.plist */ = {isa = PBXFileReference; lastKnownFileType = text.plist.xml; path = Info.plist; sourceTree = "<group>"; };
		8245E69521ABFF3300178D7A /* JetonRouge.swift */ = {isa = PBXFileReference; lastKnownFileType = sourcecode.swift; path = JetonRouge.swift; sourceTree = "<group>"; };
		826F845221AD4FB70090574E /* JetonJaune.swift */ = {isa = PBXFileReference; lastKnownFileType = sourcecode.swift; path = JetonJaune.swift; sourceTree = "<group>"; };
		82AF21AF21AD894700F7EE15 /* Mecanisme.swift */ = {isa = PBXFileReference; lastKnownFileType = sourcecode.swift; path = Mecanisme.swift; sourceTree = "<group>"; };
		82AF21B121AD895800F7EE15 /* BrainIA.swift */ = {isa = PBXFileReference; lastKnownFileType = sourcecode.swift; path = BrainIA.swift; sourceTree = "<group>"; };
/* End PBXFileReference section */

/* Begin PBXFrameworksBuildPhase section */
		824293EC21AB2DAA00DA1FA5 /* Frameworks */ = {
			isa = PBXFrameworksBuildPhase;
			buildActionMask = 2147483647;
			files = (
			);
			runOnlyForDeploymentPostprocessing = 0;
		};
/* End PBXFrameworksBuildPhase section */

/* Begin PBXGroup section */
		824293E621AB2DAA00DA1FA5 = {
			isa = PBXGroup;
			children = (
				824293F121AB2DAA00DA1FA5 /* Puissance4 */,
				824293F021AB2DAA00DA1FA5 /* Products */,
			);
			sourceTree = "<group>";
		};
		824293F021AB2DAA00DA1FA5 /* Products */ = {
			isa = PBXGroup;
			children = (
				824293EF21AB2DAA00DA1FA5 /* Puissance4.app */,
			);
			name = Products;
			sourceTree = "<group>";
		};
		824293F121AB2DAA00DA1FA5 /* Puissance4 */ = {
			isa = PBXGroup;
			children = (
				824293F221AB2DAA00DA1FA5 /* AppDelegate.swift */,
				82AF21B321AD895E00F7EE15 /* Model */,
				82AF21B421AD896500F7EE15 /* View */,
				82AF21B521AD896C00F7EE15 /* Controller */,
				82AF21B621AD897400F7EE15 /* Stroryboard */,
				824293F921AB2DAC00DA1FA5 /* Assets.xcassets */,
				824293FE21AB2DAC00DA1FA5 /* Info.plist */,
			);
			path = Puissance4;
			sourceTree = "<group>";
		};
		82AF21B321AD895E00F7EE15 /* Model */ = {
			isa = PBXGroup;
			children = (
				82AF21AF21AD894700F7EE15 /* Mecanisme.swift */,
				82AF21B121AD895800F7EE15 /* BrainIA.swift */,
			);
			path = Model;
			sourceTree = "<group>";
		};
		82AF21B421AD896500F7EE15 /* View */ = {
			isa = PBXGroup;
			children = (
				8245E69521ABFF3300178D7A /* JetonRouge.swift */,
				826F845221AD4FB70090574E /* JetonJaune.swift */,
			);
			path = View;
			sourceTree = "<group>";
		};
		82AF21B521AD896C00F7EE15 /* Controller */ = {
			isa = PBXGroup;
			children = (
				824293F421AB2DAB00DA1FA5 /* ViewController.swift */,
			);
			path = Controller;
			sourceTree = "<group>";
		};
		82AF21B621AD897400F7EE15 /* Stroryboard */ = {
			isa = PBXGroup;
			children = (
				824293F621AB2DAB00DA1FA5 /* Main.storyboard */,
				824293FB21AB2DAC00DA1FA5 /* LaunchScreen.storyboard */,
			);
			path = Stroryboard;
			sourceTree = "<group>";
		};
/* End PBXGroup section */

/* Begin PBXNativeTarget section */
		824293EE21AB2DAA00DA1FA5 /* Puissance4 */ = {
			isa = PBXNativeTarget;
			buildConfigurationList = 8242940121AB2DAC00DA1FA5 /* Build configuration list for PBXNativeTarget "Puissance4" */;
			buildPhases = (
				824293EB21AB2DAA00DA1FA5 /* Sources */,
				824293EC21AB2DAA00DA1FA5 /* Frameworks */,
				824293ED21AB2DAA00DA1FA5 /* Resources */,
			);
			buildRules = (
			);
			dependencies = (
			);
			name = Puissance4;
			productName = Puissance4;
			productReference = 824293EF21AB2DAA00DA1FA5 /* Puissance4.app */;
			productType = "com.apple.product-type.application";
		};
/* End PBXNativeTarget section */

/* Begin PBXProject section */
		824293E721AB2DAA00DA1FA5 /* Project object */ = {
			isa = PBXProject;
			attributes = {
				LastSwiftUpdateCheck = 1010;
				LastUpgradeCheck = 1010;
				ORGANIZATIONNAME = "ludo iMac";
				TargetAttributes = {
					824293EE21AB2DAA00DA1FA5 = {
						CreatedOnToolsVersion = 10.1;
					};
				};
			};
			buildConfigurationList = 824293EA21AB2DAA00DA1FA5 /* Build configuration list for PBXProject "Puissance4" */;
			compatibilityVersion = "Xcode 9.3";
			developmentRegion = en;
			hasScannedForEncodings = 0;
			knownRegions = (
				en,
				Base,
			);
			mainGroup = 824293E621AB2DAA00DA1FA5;
			productRefGroup = 824293F021AB2DAA00DA1FA5 /* Products */;
			projectDirPath = "";
			projectRoot = "";
			targets = (
				824293EE21AB2DAA00DA1FA5 /* Puissance4 */,
			);
		};
/* End PBXProject section */

/* Begin PBXResourcesBuildPhase section */
		824293ED21AB2DAA00DA1FA5 /* Resources */ = {
			isa = PBXResourcesBuildPhase;
			buildActionMask = 2147483647;
			files = (
				824293FD21AB2DAC00DA1FA5 /* LaunchScreen.storyboard in Resources */,
				824293FA21AB2DAC00DA1FA5 /* Assets.xcassets in Resources */,
				824293F821AB2DAB00DA1FA5 /* Main.storyboard in Resources */,
			);
			runOnlyForDeploymentPostprocessing = 0;
		};
/* End PBXResourcesBuildPhase section */

/* Begin PBXSourcesBuildPhase section */
		824293EB21AB2DAA00DA1FA5 /* Sources */ = {
			isa = PBXSourcesBuildPhase;
			buildActionMask = 2147483647;
			files = (
				8245E69621ABFF3300178D7A /* JetonRouge.swift in Sources */,
				824293F521AB2DAB00DA1FA5 /* ViewController.swift in Sources */,
				826F845321AD4FB70090574E /* JetonJaune.swift in Sources */,
				82AF21B021AD894700F7EE15 /* Mecanisme.swift in Sources */,
				82AF21B221AD895800F7EE15 /* BrainIA.swift in Sources */,
				824293F321AB2DAA00DA1FA5 /* AppDelegate.swift in Sources */,
			);
			runOnlyForDeploymentPostprocessing = 0;
		};
/* End PBXSourcesBuildPhase section */

/* Begin PBXVariantGroup section */
		824293F621AB2DAB00DA1FA5 /* Main.storyboard */ = {
			isa = PBXVariantGroup;
			children = (
				824293F721AB2DAB00DA1FA5 /* Base */,
			);
			name = Main.storyboard;
			sourceTree = "<group>";
		};
		824293FB21AB2DAC00DA1FA5 /* LaunchScreen.storyboard */ = {
			isa = PBXVariantGroup;
			children = (
				824293FC21AB2DAC00DA1FA5 /* Base */,
			);
			name = LaunchScreen.storyboard;
			sourceTree = "<group>";
		};
/* End PBXVariantGroup section */

/* Begin XCBuildConfiguration section */
		824293FF21AB2DAC00DA1FA5 /* Debug */ = {
			isa = XCBuildConfiguration;
			buildSettings = {
				ALWAYS_SEARCH_USER_PATHS = NO;
				CLANG_ANALYZER_NONNULL = YES;
				CLANG_ANALYZER_NUMBER_OBJECT_CONVERSION = YES_AGGRESSIVE;
				CLANG_CXX_LANGUAGE_STANDARD = "gnu++14";
				CLANG_CXX_LIBRARY = "libc++";
				CLANG_ENABLE_MODULES = YES;
				CLANG_ENABLE_OBJC_ARC = YES;
				CLANG_ENABLE_OBJC_WEAK = YES;
				CLANG_WARN_BLOCK_CAPTURE_AUTORELEASING = YES;
				CLANG_WARN_BOOL_CONVERSION = YES;
				CLANG_WARN_COMMA = YES;
				CLANG_WARN_CONSTANT_CONVERSION = YES;
				CLANG_WARN_DEPRECATED_OBJC_IMPLEMENTATIONS = YES;
				CLANG_WARN_DIRECT_OBJC_ISA_USAGE = YES_ERROR;
				CLANG_WARN_DOCUMENTATION_COMMENTS = YES;
				CLANG_WARN_EMPTY_BODY = YES;
				CLANG_WARN_ENUM_CONVERSION = YES;
				CLANG_WARN_INFINITE_RECURSION = YES;
				CLANG_WARN_INT_CONVERSION = YES;
				CLANG_WARN_NON_LITERAL_NULL_CONVERSION = YES;
				CLANG_WARN_OBJC_IMPLICIT_RETAIN_SELF = YES;
				CLANG_WARN_OBJC_LITERAL_CONVERSION = YES;
				CLANG_WARN_OBJC_ROOT_CLASS = YES_ERROR;
				CLANG_WARN_RANGE_LOOP_ANALYSIS = YES;
				CLANG_WARN_STRICT_PROTOTYPES = YES;
				CLANG_WARN_SUSPICIOUS_MOVE = YES;
				CLANG_WARN_UNGUARDED_AVAILABILITY = YES_AGGRESSIVE;
				CLANG_WARN_UNREACHABLE_CODE = YES;
				CLANG_WARN__DUPLICATE_METHOD_MATCH = YES;
				CODE_SIGN_IDENTITY = "iPhone Developer";
				COPY_PHASE_STRIP = NO;
				DEBUG_INFORMATION_FORMAT = dwarf;
				ENABLE_STRICT_OBJC_MSGSEND = YES;
				ENABLE_TESTABILITY = YES;
				GCC_C_LANGUAGE_STANDARD = gnu11;
				GCC_DYNAMIC_NO_PIC = NO;
				GCC_NO_COMMON_BLOCKS = YES;
				GCC_OPTIMIZATION_LEVEL = 0;
				GCC_PREPROCESSOR_DEFINITIONS = (
					"DEBUG=1",
					"$(inherited)",
				);
				GCC_WARN_64_TO_32_BIT_CONVERSION = YES;
				GCC_WARN_ABOUT_RETURN_TYPE = YES_ERROR;
				GCC_WARN_UNDECLARED_SELECTOR = YES;
				GCC_WARN_UNINITIALIZED_AUTOS = YES_AGGRESSIVE;
				GCC_WARN_UNUSED_FUNCTION = YES;
				GCC_WARN_UNUSED_VARIABLE = YES;
				IPHONEOS_DEPLOYMENT_TARGET = 12.1;
				MTL_ENABLE_DEBUG_INFO = INCLUDE_SOURCE;
				MTL_FAST_MATH = YES;
				ONLY_ACTIVE_ARCH = YES;
				SDKROOT = iphoneos;
				SWIFT_ACTIVE_COMPILATION_CONDITIONS = DEBUG;
				SWIFT_OPTIMIZATION_LEVEL = "-Onone";
			};
			name = Debug;
		};
		8242940021AB2DAC00DA1FA5 /* Release */ = {
			isa = XCBuildConfiguration;
			buildSettings = {
				ALWAYS_SEARCH_USER_PATHS = NO;
				CLANG_ANALYZER_NONNULL = YES;
				CLANG_ANALYZER_NUMBER_OBJECT_CONVERSION = YES_AGGRESSIVE;
				CLANG_CXX_LANGUAGE_STANDARD = "gnu++14";
				CLANG_CXX_LIBRARY = "libc++";
				CLANG_ENABLE_MODULES = YES;
				CLANG_ENABLE_OBJC_ARC = YES;
				CLANG_ENABLE_OBJC_WEAK = YES;
				CLANG_WARN_BLOCK_CAPTURE_AUTORELEASING = YES;
				CLANG_WARN_BOOL_CONVERSION = YES;
				CLANG_WARN_COMMA = YES;
				CLANG_WARN_CONSTANT_CONVERSION = YES;
				CLANG_WARN_DEPRECATED_OBJC_IMPLEMENTATIONS = YES;
				CLANG_WARN_DIRECT_OBJC_ISA_USAGE = YES_ERROR;
				CLANG_WARN_DOCUMENTATION_COMMENTS = YES;
				CLANG_WARN_EMPTY_BODY = YES;
				CLANG_WARN_ENUM_CONVERSION = YES;
				CLANG_WARN_INFINITE_RECURSION = YES;
				CLANG_WARN_INT_CONVERSION = YES;
				CLANG_WARN_NON_LITERAL_NULL_CONVERSION = YES;
				CLANG_WARN_OBJC_IMPLICIT_RETAIN_SELF = YES;
				CLANG_WARN_OBJC_LITERAL_CONVERSION = YES;
				CLANG_WARN_OBJC_ROOT_CLASS = YES_ERROR;
				CLANG_WARN_RANGE_LOOP_ANALYSIS = YES;
				CLANG_WARN_STRICT_PROTOTYPES = YES;
				CLANG_WARN_SUSPICIOUS_MOVE = YES;
				CLANG_WARN_UNGUARDED_AVAILABILITY = YES_AGGRESSIVE;
				CLANG_WARN_UNREACHABLE_CODE = YES;
				CLANG_WARN__DUPLICATE_METHOD_MATCH = YES;
				CODE_SIGN_IDENTITY = "iPhone Developer";
				COPY_PHASE_STRIP = NO;
				DEBUG_INFORMATION_FORMAT = "dwarf-with-dsym";
				ENABLE_NS_ASSERTIONS = NO;
				ENABLE_STRICT_OBJC_MSGSEND = YES;
				GCC_C_LANGUAGE_STANDARD = gnu11;
				GCC_NO_COMMON_BLOCKS = YES;
				GCC_WARN_64_TO_32_BIT_CONVERSION = YES;
				GCC_WARN_ABOUT_RETURN_TYPE = YES_ERROR;
				GCC_WARN_UNDECLARED_SELECTOR = YES;
				GCC_WARN_UNINITIALIZED_AUTOS = YES_AGGRESSIVE;
				GCC_WARN_UNUSED_FUNCTION = YES;
				GCC_WARN_UNUSED_VARIABLE = YES;
				IPHONEOS_DEPLOYMENT_TARGET = 12.1;
				MTL_ENABLE_DEBUG_INFO = NO;
				MTL_FAST_MATH = YES;
				SDKROOT = iphoneos;
				SWIFT_COMPILATION_MODE = wholemodule;
				SWIFT_OPTIMIZATION_LEVEL = "-O";
				VALIDATE_PRODUCT = YES;
			};
			name = Release;
		};
		8242940221AB2DAC00DA1FA5 /* Debug */ = {
			isa = XCBuildConfiguration;
			buildSettings = {
				ASSETCATALOG_COMPILER_APPICON_NAME = AppIcon;
				CODE_SIGN_STYLE = Automatic;
				DEVELOPMENT_TEAM = T72R2QLAXV;
				INFOPLIST_FILE = Puissance4/Info.plist;
				LD_RUNPATH_SEARCH_PATHS = (
					"$(inherited)",
					"@executable_path/Frameworks",
				);
				PRODUCT_BUNDLE_IDENTIFIER = webtab.com.Puissance4;
				PRODUCT_NAME = "$(TARGET_NAME)";
				SWIFT_VERSION = 4.2;
				TARGETED_DEVICE_FAMILY = "1,2";
			};
			name = Debug;
		};
		8242940321AB2DAC00DA1FA5 /* Release */ = {
			isa = XCBuildConfiguration;
			buildSettings = {
				ASSETCATALOG_COMPILER_APPICON_NAME = AppIcon;
				CODE_SIGN_STYLE = Automatic;
				DEVELOPMENT_TEAM = T72R2QLAXV;
				INFOPLIST_FILE = Puissance4/Info.plist;
				LD_RUNPATH_SEARCH_PATHS = (
					"$(inherited)",
					"@executable_path/Frameworks",
				);
				PRODUCT_BUNDLE_IDENTIFIER = webtab.com.Puissance4;
				PRODUCT_NAME = "$(TARGET_NAME)";
				SWIFT_VERSION = 4.2;
				TARGETED_DEVICE_FAMILY = "1,2";
			};
			name = Release;
		};
/* End XCBuildConfiguration section */

/* Begin XCConfigurationList section */
		824293EA21AB2DAA00DA1FA5 /* Build configuration list for PBXProject "Puissance4" */ = {
			isa = XCConfigurationList;
			buildConfigurations = (
				824293FF21AB2DAC00DA1FA5 /* Debug */,
				8242940021AB2DAC00DA1FA5 /* Release */,
			);
			defaultConfigurationIsVisible = 0;
			defaultConfigurationName = Release;
		};
		8242940121AB2DAC00DA1FA5 /* Build configuration list for PBXNativeTarget "Puissance4" */ = {
			isa = XCConfigurationList;
			buildConfigurations = (
				8242940221AB2DAC00DA1FA5 /* Debug */,
				8242940321AB2DAC00DA1FA5 /* Release */,
			);
			defaultConfigurationIsVisible = 0;
			defaultConfigurationName = Release;
		};
/* End XCConfigurationList section */
	};
	rootObject = 824293E721AB2DAA00DA1FA5 /* Project object */;
}
